{
  "object": {
    "pins": [
      {
        "package": "APIClient",
        "repositoryURL": "https://github.com/iOS-App-Development/APIClient.git",
        "state": {
          "branch": "master",
          "revision": "0546a08c9cd68c32b49df67ead6a7e6d16b41760",
          "version": null
        }
      },
      {
        "package": "APIClientModule",
        "repositoryURL": "https://github.com/iOS-App-Development/APIClientModule.git",
        "state": {
          "branch": "master",
          "revision": "c9117805d49812ba8c6bd74cc40b56225f5c5485",
          "version": null
        }
      },
      {
        "package": "HTTPClientModule",
        "repositoryURL": "https://github.com/iOS-App-Development/HTTPClientModule.git",
        "state": {
          "branch": "master",
          "revision": "a50d699cdce0bc1f241b92b2f932a9bbeebfe3d9",
          "version": null
        }
      }
    ]
  },
  "version": 1
}
